// !$*UTF8*$!
{
	archiveVersion = 1;
	classes = {
	};
	objectVersion = 56;
	objects = {

/* Begin PBXBuildFile section */
		2F27D69729C9A69F0091325A /* NewSpoergsmaalViewController.swift in Sources */ = {isa = PBXBuildFile; fileRef = 2F27D69629C9A69F0091325A /* NewSpoergsmaalViewController.swift */; };
		2F27D69D29CC34360091325A /* CollectionViewController.swift in Sources */ = {isa = PBXBuildFile; fileRef = 2F27D69C29CC34360091325A /* CollectionViewController.swift */; };
		2F8C857629C99B590051B396 /* fonts in Resources */ = {isa = PBXBuildFile; fileRef = 2F8C857529C99B590051B396 /* fonts */; };
		2F8C857829C9A4FB0051B396 /* Main.storyboard in Resources */ = {isa = PBXBuildFile; fileRef = 2F8C857729C9A4FB0051B396 /* Main.storyboard */; };
		2FAA43FD29C83A0C00C2C0F7 /* SpoergsmaalModel.swift in Sources */ = {isa = PBXBuildFile; fileRef = 2FAA43FC29C83A0C00C2C0F7 /* SpoergsmaalModel.swift */; };
		2FAD5A1129D1B7B000C12AEC /* SubmitAnswer.swift in Sources */ = {isa = PBXBuildFile; fileRef = 2FAD5A1029D1B7B000C12AEC /* SubmitAnswer.swift */; };
		CF0D3CE129E5360700654FD5 /* InternshipViewController.swift in Sources */ = {isa = PBXBuildFile; fileRef = CF0D3CE029E5360700654FD5 /* InternshipViewController.swift */; };
		CF0D3CE329E5368A00654FD5 /* EventsViewController.swift in Sources */ = {isa = PBXBuildFile; fileRef = CF0D3CE229E5368A00654FD5 /* EventsViewController.swift */; };
		CF0D3CE529E536A200654FD5 /* NewsViewController.swift in Sources */ = {isa = PBXBuildFile; fileRef = CF0D3CE429E536A200654FD5 /* NewsViewController.swift */; };
		CF0D3CE729E536B400654FD5 /* MessagesViewController.swift in Sources */ = {isa = PBXBuildFile; fileRef = CF0D3CE629E536B400654FD5 /* MessagesViewController.swift */; };
		CF17154629DAE0A600D0409E /* SendAnsoegning.swift in Sources */ = {isa = PBXBuildFile; fileRef = CF17154529DAE0A600D0409E /* SendAnsoegning.swift */; };
		CF17154A29DAE1C600D0409E /* AnsoegningViewController.swift in Sources */ = {isa = PBXBuildFile; fileRef = CF17154929DAE1C600D0409E /* AnsoegningViewController.swift */; };
		CF17154F29DC157E00D0409E /* DisplayAnswersViewController.swift in Sources */ = {isa = PBXBuildFile; fileRef = CF17154E29DC157E00D0409E /* DisplayAnswersViewController.swift */; };
		CF17155529DC1A2800D0409E /* SideMenu in Frameworks */ = {isa = PBXBuildFile; productRef = CF17155429DC1A2800D0409E /* SideMenu */; };
		CF17155D29DC41E300D0409E /* SWRevealViewController.m in Sources */ = {isa = PBXBuildFile; fileRef = CF17155B29DC41E300D0409E /* SWRevealViewController.m */; };
		CF1B11D129E6CC8900519F95 /* MainTabBarController.swift in Sources */ = {isa = PBXBuildFile; fileRef = CF1B11D029E6CC8900519F95 /* MainTabBarController.swift */; };
		CF2B5DC129CB316C006478B4 /* Questions.swift in Sources */ = {isa = PBXBuildFile; fileRef = CF2B5DC029CB316C006478B4 /* Questions.swift */; };
		CF2B5DC329CB31A1006478B4 /* Answers1.swift in Sources */ = {isa = PBXBuildFile; fileRef = CF2B5DC229CB31A1006478B4 /* Answers1.swift */; };
		CF2B5DC529CB31AA006478B4 /* Answers2.swift in Sources */ = {isa = PBXBuildFile; fileRef = CF2B5DC429CB31AA006478B4 /* Answers2.swift */; };
		CF2B5DC729CB31B6006478B4 /* Answers3.swift in Sources */ = {isa = PBXBuildFile; fileRef = CF2B5DC629CB31B6006478B4 /* Answers3.swift */; };
		CF2B5DCC29CB354C006478B4 /* Spoergsmaal3ViewController.swift in Sources */ = {isa = PBXBuildFile; fileRef = CF2B5DCB29CB354C006478B4 /* Spoergsmaal3ViewController.swift */; };
		CF2B5DCE29CB3852006478B4 /* Answers4.swift in Sources */ = {isa = PBXBuildFile; fileRef = CF2B5DCD29CB3852006478B4 /* Answers4.swift */; };
		CF2B5DD029CB387B006478B4 /* Spoergsmaal4ViewController.swift in Sources */ = {isa = PBXBuildFile; fileRef = CF2B5DCF29CB387B006478B4 /* Spoergsmaal4ViewController.swift */; };
		CF73310129DAC2A200E0F500 /* PostsCollectionViewCell1.swift in Sources */ = {isa = PBXBuildFile; fileRef = CF73310029DAC2A200E0F500 /* PostsCollectionViewCell1.swift */; };
		CF73310529DAC89700E0F500 /* PostsCollectionViewCells2.swift in Sources */ = {isa = PBXBuildFile; fileRef = CF73310429DAC89700E0F500 /* PostsCollectionViewCells2.swift */; };
		CFA3790829D19DDB005F80C3 /* PostsCollectionViewCell2.swift in Sources */ = {isa = PBXBuildFile; fileRef = CFA3790729D19DDB005F80C3 /* PostsCollectionViewCell2.swift */; };
		CFA3790C29D19FA8005F80C3 /* PostsViewController2.swift in Sources */ = {isa = PBXBuildFile; fileRef = CFA3790B29D19FA8005F80C3 /* PostsViewController2.swift */; };
		CFA3790E29D2C61C005F80C3 /* AllInternshipsViewController.swift in Sources */ = {isa = PBXBuildFile; fileRef = CFA3790D29D2C61C005F80C3 /* AllInternshipsViewController.swift */; };
		CFA3791029D2C7EB005F80C3 /* AllInternshipsTableViewCell.swift in Sources */ = {isa = PBXBuildFile; fileRef = CFA3790F29D2C7EB005F80C3 /* AllInternshipsTableViewCell.swift */; };
		CFAFF3A829D43C2700733F3A /* AllEducationsViewController.swift in Sources */ = {isa = PBXBuildFile; fileRef = CFAFF3A729D43C2700733F3A /* AllEducationsViewController.swift */; };
		CFAFF3AA29D43C4A00733F3A /* AllEducationsTableViewCell.swift in Sources */ = {isa = PBXBuildFile; fileRef = CFAFF3A929D43C4A00733F3A /* AllEducationsTableViewCell.swift */; };
		CFB4F61829CC5422006D42AF /* OpslagModel.swift in Sources */ = {isa = PBXBuildFile; fileRef = CFB4F61729CC5422006D42AF /* OpslagModel.swift */; };
		CFB4F61A29CC5542006D42AF /* Posts.swift in Sources */ = {isa = PBXBuildFile; fileRef = CFB4F61929CC5542006D42AF /* Posts.swift */; };
		CFB4F61C29CC55FD006D42AF /* PostsViewController.swift in Sources */ = {isa = PBXBuildFile; fileRef = CFB4F61B29CC55FD006D42AF /* PostsViewController.swift */; };
		CFB4F62329CC6AA6006D42AF /* SDWebImage in Frameworks */ = {isa = PBXBuildFile; productRef = CFB4F62229CC6AA6006D42AF /* SDWebImage */; };
		CFB4F62529CC6AA6006D42AF /* SDWebImageMapKit in Frameworks */ = {isa = PBXBuildFile; productRef = CFB4F62429CC6AA6006D42AF /* SDWebImageMapKit */; };
		CFB4F62929CDC61A006D42AF /* SinglePostViewController.swift in Sources */ = {isa = PBXBuildFile; fileRef = CFB4F62829CDC61A006D42AF /* SinglePostViewController.swift */; };
		CFB4F62F29CDDED0006D42AF /* PostsCollectionViewCells1.swift in Sources */ = {isa = PBXBuildFile; fileRef = CFB4F62E29CDDED0006D42AF /* PostsCollectionViewCells1.swift */; };
		CFE60A0329DC4C5C00A572BF /* ProfileViewController.swift in Sources */ = {isa = PBXBuildFile; fileRef = CFE60A0229DC4C5C00A572BF /* ProfileViewController.swift */; };
		CFE60A0529DC4C7000A572BF /* InspirationViewController.swift in Sources */ = {isa = PBXBuildFile; fileRef = CFE60A0429DC4C7000A572BF /* InspirationViewController.swift */; };
		CFE60A0729DD3A4600A572BF /* SidebarViewController.swift in Sources */ = {isa = PBXBuildFile; fileRef = CFE60A0629DD3A4600A572BF /* SidebarViewController.swift */; };
		CFE60A0929DD4B4100A572BF /* BrugerModel.swift in Sources */ = {isa = PBXBuildFile; fileRef = CFE60A0829DD4B4100A572BF /* BrugerModel.swift */; };
		CFE60A0B29DD4C0F00A572BF /* Users.swift in Sources */ = {isa = PBXBuildFile; fileRef = CFE60A0A29DD4C0F00A572BF /* Users.swift */; };
		CFE60A0E29E52ADE00A572BF /* EducationsViewController.swift in Sources */ = {isa = PBXBuildFile; fileRef = CFE60A0D29E52ADE00A572BF /* EducationsViewController.swift */; };
		CFF8CCBB29E684F600075989 /* NotificationsViewController.swift in Sources */ = {isa = PBXBuildFile; fileRef = CFF8CCBA29E684F600075989 /* NotificationsViewController.swift */; };
		CFF9CD8929C451A0002ED77D /* AppDelegate.swift in Sources */ = {isa = PBXBuildFile; fileRef = CFF9CD8829C451A0002ED77D /* AppDelegate.swift */; };
		CFF9CD8B29C451A0002ED77D /* SceneDelegate.swift in Sources */ = {isa = PBXBuildFile; fileRef = CFF9CD8A29C451A0002ED77D /* SceneDelegate.swift */; };
		CFF9CD9229C451A2002ED77D /* Assets.xcassets in Resources */ = {isa = PBXBuildFile; fileRef = CFF9CD9129C451A2002ED77D /* Assets.xcassets */; };
		CFF9CD9529C451A2002ED77D /* LaunchScreen.storyboard in Resources */ = {isa = PBXBuildFile; fileRef = CFF9CD9329C451A2002ED77D /* LaunchScreen.storyboard */; };
		CFF9CD9F29C45216002ED77D /* TestModel.swift in Sources */ = {isa = PBXBuildFile; fileRef = CFF9CD9E29C45216002ED77D /* TestModel.swift */; };
		CFF9CDAD29CAF337002ED77D /* SvarModel.swift in Sources */ = {isa = PBXBuildFile; fileRef = CFF9CDAC29CAF337002ED77D /* SvarModel.swift */; };
		CFF9CDAF29CB0523002ED77D /* Spoergsmaal2ViewController.swift in Sources */ = {isa = PBXBuildFile; fileRef = CFF9CDAE29CB0523002ED77D /* Spoergsmaal2ViewController.swift */; };
/* End PBXBuildFile section */

/* Begin PBXFileReference section */
		2F27D69629C9A69F0091325A /* NewSpoergsmaalViewController.swift */ = {isa = PBXFileReference; lastKnownFileType = sourcecode.swift; path = NewSpoergsmaalViewController.swift; sourceTree = "<group>"; };
		2F27D69C29CC34360091325A /* CollectionViewController.swift */ = {isa = PBXFileReference; lastKnownFileType = sourcecode.swift; path = CollectionViewController.swift; sourceTree = "<group>"; };
		2F8C857529C99B590051B396 /* fonts */ = {isa = PBXFileReference; lastKnownFileType = folder; path = fonts; sourceTree = "<group>"; };
		2F8C857729C9A4FB0051B396 /* Main.storyboard */ = {isa = PBXFileReference; fileEncoding = 4; lastKnownFileType = file.storyboard; path = Main.storyboard; sourceTree = "<group>"; };
		2FAA43FC29C83A0C00C2C0F7 /* SpoergsmaalModel.swift */ = {isa = PBXFileReference; lastKnownFileType = sourcecode.swift; path = SpoergsmaalModel.swift; sourceTree = "<group>"; };
		2FAD5A1029D1B7B000C12AEC /* SubmitAnswer.swift */ = {isa = PBXFileReference; fileEncoding = 4; lastKnownFileType = sourcecode.swift; path = SubmitAnswer.swift; sourceTree = "<group>"; };
		CF0D3CE029E5360700654FD5 /* InternshipViewController.swift */ = {isa = PBXFileReference; lastKnownFileType = sourcecode.swift; path = InternshipViewController.swift; sourceTree = "<group>"; };
		CF0D3CE229E5368A00654FD5 /* EventsViewController.swift */ = {isa = PBXFileReference; lastKnownFileType = sourcecode.swift; path = EventsViewController.swift; sourceTree = "<group>"; };
		CF0D3CE429E536A200654FD5 /* NewsViewController.swift */ = {isa = PBXFileReference; lastKnownFileType = sourcecode.swift; path = NewsViewController.swift; sourceTree = "<group>"; };
		CF0D3CE629E536B400654FD5 /* MessagesViewController.swift */ = {isa = PBXFileReference; lastKnownFileType = sourcecode.swift; path = MessagesViewController.swift; sourceTree = "<group>"; };
		CF17154529DAE0A600D0409E /* SendAnsoegning.swift */ = {isa = PBXFileReference; fileEncoding = 4; lastKnownFileType = sourcecode.swift; path = SendAnsoegning.swift; sourceTree = "<group>"; };
		CF17154929DAE1C600D0409E /* AnsoegningViewController.swift */ = {isa = PBXFileReference; fileEncoding = 4; lastKnownFileType = sourcecode.swift; name = AnsoegningViewController.swift; path = "../../../../../Downloads/ProjektSkoleApp-new_ansoegning 2/App Testing/ViewControllers/AnsoegningViewController.swift"; sourceTree = "<group>"; };
		CF17154E29DC157E00D0409E /* DisplayAnswersViewController.swift */ = {isa = PBXFileReference; lastKnownFileType = sourcecode.swift; path = DisplayAnswersViewController.swift; sourceTree = "<group>"; };
		CF17155A29DC41E200D0409E /* App Testing-Bridging-Header.h */ = {isa = PBXFileReference; lastKnownFileType = sourcecode.c.h; path = "App Testing-Bridging-Header.h"; sourceTree = "<group>"; };
		CF17155B29DC41E300D0409E /* SWRevealViewController.m */ = {isa = PBXFileReference; fileEncoding = 4; lastKnownFileType = sourcecode.c.objc; name = SWRevealViewController.m; path = "../../../../Downloads/SWRevealViewController-master/SWRevealViewController/SWRevealViewController.m"; sourceTree = "<group>"; };
		CF17155C29DC41E300D0409E /* SWRevealViewController.h */ = {isa = PBXFileReference; fileEncoding = 4; lastKnownFileType = sourcecode.c.h; name = SWRevealViewController.h; path = "../../../../Downloads/SWRevealViewController-master/SWRevealViewController/SWRevealViewController.h"; sourceTree = "<group>"; };
		CF1B11D029E6CC8900519F95 /* MainTabBarController.swift */ = {isa = PBXFileReference; lastKnownFileType = sourcecode.swift; path = MainTabBarController.swift; sourceTree = "<group>"; };
		CF2B5DC029CB316C006478B4 /* Questions.swift */ = {isa = PBXFileReference; lastKnownFileType = sourcecode.swift; path = Questions.swift; sourceTree = "<group>"; };
		CF2B5DC229CB31A1006478B4 /* Answers1.swift */ = {isa = PBXFileReference; lastKnownFileType = sourcecode.swift; path = Answers1.swift; sourceTree = "<group>"; };
		CF2B5DC429CB31AA006478B4 /* Answers2.swift */ = {isa = PBXFileReference; lastKnownFileType = sourcecode.swift; path = Answers2.swift; sourceTree = "<group>"; };
		CF2B5DC629CB31B6006478B4 /* Answers3.swift */ = {isa = PBXFileReference; lastKnownFileType = sourcecode.swift; path = Answers3.swift; sourceTree = "<group>"; };
		CF2B5DCB29CB354C006478B4 /* Spoergsmaal3ViewController.swift */ = {isa = PBXFileReference; lastKnownFileType = sourcecode.swift; path = Spoergsmaal3ViewController.swift; sourceTree = "<group>"; };
		CF2B5DCD29CB3852006478B4 /* Answers4.swift */ = {isa = PBXFileReference; lastKnownFileType = sourcecode.swift; path = Answers4.swift; sourceTree = "<group>"; };
		CF2B5DCF29CB387B006478B4 /* Spoergsmaal4ViewController.swift */ = {isa = PBXFileReference; lastKnownFileType = sourcecode.swift; path = Spoergsmaal4ViewController.swift; sourceTree = "<group>"; };
		CF73310029DAC2A200E0F500 /* PostsCollectionViewCell1.swift */ = {isa = PBXFileReference; lastKnownFileType = sourcecode.swift; path = PostsCollectionViewCell1.swift; sourceTree = "<group>"; };
		CF73310429DAC89700E0F500 /* PostsCollectionViewCells2.swift */ = {isa = PBXFileReference; lastKnownFileType = sourcecode.swift; path = PostsCollectionViewCells2.swift; sourceTree = "<group>"; };
		CFA3790729D19DDB005F80C3 /* PostsCollectionViewCell2.swift */ = {isa = PBXFileReference; lastKnownFileType = sourcecode.swift; path = PostsCollectionViewCell2.swift; sourceTree = "<group>"; };
		CFA3790B29D19FA8005F80C3 /* PostsViewController2.swift */ = {isa = PBXFileReference; lastKnownFileType = sourcecode.swift; path = PostsViewController2.swift; sourceTree = "<group>"; };
		CFA3790D29D2C61C005F80C3 /* AllInternshipsViewController.swift */ = {isa = PBXFileReference; lastKnownFileType = sourcecode.swift; path = AllInternshipsViewController.swift; sourceTree = "<group>"; };
		CFA3790F29D2C7EB005F80C3 /* AllInternshipsTableViewCell.swift */ = {isa = PBXFileReference; lastKnownFileType = sourcecode.swift; path = AllInternshipsTableViewCell.swift; sourceTree = "<group>"; };
		CFAFF3A729D43C2700733F3A /* AllEducationsViewController.swift */ = {isa = PBXFileReference; lastKnownFileType = sourcecode.swift; path = AllEducationsViewController.swift; sourceTree = "<group>"; };
		CFAFF3A929D43C4A00733F3A /* AllEducationsTableViewCell.swift */ = {isa = PBXFileReference; lastKnownFileType = sourcecode.swift; path = AllEducationsTableViewCell.swift; sourceTree = "<group>"; };
		CFB4F61729CC5422006D42AF /* OpslagModel.swift */ = {isa = PBXFileReference; lastKnownFileType = sourcecode.swift; path = OpslagModel.swift; sourceTree = "<group>"; };
		CFB4F61929CC5542006D42AF /* Posts.swift */ = {isa = PBXFileReference; lastKnownFileType = sourcecode.swift; path = Posts.swift; sourceTree = "<group>"; };
		CFB4F61B29CC55FD006D42AF /* PostsViewController.swift */ = {isa = PBXFileReference; lastKnownFileType = sourcecode.swift; path = PostsViewController.swift; sourceTree = "<group>"; };
		CFB4F62829CDC61A006D42AF /* SinglePostViewController.swift */ = {isa = PBXFileReference; lastKnownFileType = sourcecode.swift; path = SinglePostViewController.swift; sourceTree = "<group>"; };
		CFB4F62E29CDDED0006D42AF /* PostsCollectionViewCells1.swift */ = {isa = PBXFileReference; lastKnownFileType = sourcecode.swift; path = PostsCollectionViewCells1.swift; sourceTree = "<group>"; };
		CFE60A0229DC4C5C00A572BF /* ProfileViewController.swift */ = {isa = PBXFileReference; lastKnownFileType = sourcecode.swift; path = ProfileViewController.swift; sourceTree = "<group>"; };
		CFE60A0429DC4C7000A572BF /* InspirationViewController.swift */ = {isa = PBXFileReference; lastKnownFileType = sourcecode.swift; path = InspirationViewController.swift; sourceTree = "<group>"; };
		CFE60A0629DD3A4600A572BF /* SidebarViewController.swift */ = {isa = PBXFileReference; lastKnownFileType = sourcecode.swift; path = SidebarViewController.swift; sourceTree = "<group>"; };
		CFE60A0829DD4B4100A572BF /* BrugerModel.swift */ = {isa = PBXFileReference; lastKnownFileType = sourcecode.swift; path = BrugerModel.swift; sourceTree = "<group>"; };
		CFE60A0A29DD4C0F00A572BF /* Users.swift */ = {isa = PBXFileReference; lastKnownFileType = sourcecode.swift; path = Users.swift; sourceTree = "<group>"; };
		CFE60A0D29E52ADE00A572BF /* EducationsViewController.swift */ = {isa = PBXFileReference; lastKnownFileType = sourcecode.swift; path = EducationsViewController.swift; sourceTree = "<group>"; };
		CFF8CCBA29E684F600075989 /* NotificationsViewController.swift */ = {isa = PBXFileReference; lastKnownFileType = sourcecode.swift; path = NotificationsViewController.swift; sourceTree = "<group>"; };
		CFF9CD8529C451A0002ED77D /* App Testing.app */ = {isa = PBXFileReference; explicitFileType = wrapper.application; includeInIndex = 0; path = "App Testing.app"; sourceTree = BUILT_PRODUCTS_DIR; };
		CFF9CD8829C451A0002ED77D /* AppDelegate.swift */ = {isa = PBXFileReference; lastKnownFileType = sourcecode.swift; path = AppDelegate.swift; sourceTree = "<group>"; };
		CFF9CD8A29C451A0002ED77D /* SceneDelegate.swift */ = {isa = PBXFileReference; lastKnownFileType = sourcecode.swift; path = SceneDelegate.swift; sourceTree = "<group>"; };
		CFF9CD9129C451A2002ED77D /* Assets.xcassets */ = {isa = PBXFileReference; lastKnownFileType = folder.assetcatalog; path = Assets.xcassets; sourceTree = "<group>"; };
		CFF9CD9429C451A2002ED77D /* Base */ = {isa = PBXFileReference; lastKnownFileType = file.storyboard; name = Base; path = Base.lproj/LaunchScreen.storyboard; sourceTree = "<group>"; };
		CFF9CD9629C451A2002ED77D /* Info.plist */ = {isa = PBXFileReference; lastKnownFileType = text.plist.xml; path = Info.plist; sourceTree = "<group>"; };
		CFF9CD9E29C45216002ED77D /* TestModel.swift */ = {isa = PBXFileReference; lastKnownFileType = sourcecode.swift; path = TestModel.swift; sourceTree = "<group>"; };
		CFF9CDAC29CAF337002ED77D /* SvarModel.swift */ = {isa = PBXFileReference; lastKnownFileType = sourcecode.swift; path = SvarModel.swift; sourceTree = "<group>"; };
		CFF9CDAE29CB0523002ED77D /* Spoergsmaal2ViewController.swift */ = {isa = PBXFileReference; lastKnownFileType = sourcecode.swift; path = Spoergsmaal2ViewController.swift; sourceTree = "<group>"; };
/* End PBXFileReference section */

/* Begin PBXFrameworksBuildPhase section */
		CFF9CD8229C451A0002ED77D /* Frameworks */ = {
			isa = PBXFrameworksBuildPhase;
			buildActionMask = 2147483647;
			files = (
				CFB4F62529CC6AA6006D42AF /* SDWebImageMapKit in Frameworks */,
				CF17155529DC1A2800D0409E /* SideMenu in Frameworks */,
				CFB4F62329CC6AA6006D42AF /* SDWebImage in Frameworks */,
			);
			runOnlyForDeploymentPostprocessing = 0;
		};
/* End PBXFrameworksBuildPhase section */

/* Begin PBXGroup section */
		CF17154D29DC153300D0409E /* Questions */ = {
			isa = PBXGroup;
			children = (
				2F27D69C29CC34360091325A /* CollectionViewController.swift */,
				2F27D69629C9A69F0091325A /* NewSpoergsmaalViewController.swift */,
				CFF9CDAE29CB0523002ED77D /* Spoergsmaal2ViewController.swift */,
				CF2B5DCB29CB354C006478B4 /* Spoergsmaal3ViewController.swift */,
				CF2B5DCF29CB387B006478B4 /* Spoergsmaal4ViewController.swift */,
				CF17154E29DC157E00D0409E /* DisplayAnswersViewController.swift */,
			);
			path = Questions;
			sourceTree = "<group>";
		};
		CF17155029DC158800D0409E /* All posts */ = {
			isa = PBXGroup;
			children = (
				CFA3790D29D2C61C005F80C3 /* AllInternshipsViewController.swift */,
				CFA3790F29D2C7EB005F80C3 /* AllInternshipsTableViewCell.swift */,
				CFAFF3A729D43C2700733F3A /* AllEducationsViewController.swift */,
				CFAFF3A929D43C4A00733F3A /* AllEducationsTableViewCell.swift */,
			);
			path = "All posts";
			sourceTree = "<group>";
		};
		CF2B5DBF29CB313F006478B4 /* Network */ = {
			isa = PBXGroup;
			children = (
				2FAD5A1029D1B7B000C12AEC /* SubmitAnswer.swift */,
				CF2B5DC029CB316C006478B4 /* Questions.swift */,
				CF2B5DC229CB31A1006478B4 /* Answers1.swift */,
				CF2B5DC429CB31AA006478B4 /* Answers2.swift */,
				CF2B5DC629CB31B6006478B4 /* Answers3.swift */,
				CF2B5DCD29CB3852006478B4 /* Answers4.swift */,
				CFB4F61929CC5542006D42AF /* Posts.swift */,
				CF17154529DAE0A600D0409E /* SendAnsoegning.swift */,
				CFE60A0A29DD4C0F00A572BF /* Users.swift */,
			);
			path = Network;
			sourceTree = "<group>";
		};
		CF2B5DC929CB325E006478B4 /* Models */ = {
			isa = PBXGroup;
			children = (
				CFF9CD9E29C45216002ED77D /* TestModel.swift */,
				2FAA43FC29C83A0C00C2C0F7 /* SpoergsmaalModel.swift */,
				CFF9CDAC29CAF337002ED77D /* SvarModel.swift */,
				CFB4F61729CC5422006D42AF /* OpslagModel.swift */,
				CFE60A0829DD4B4100A572BF /* BrugerModel.swift */,
			);
			path = Models;
			sourceTree = "<group>";
		};
		CF2B5DCA29CB32AB006478B4 /* ViewControllers */ = {
			isa = PBXGroup;
			children = (
				CFE60A0C29E52A8A00A572BF /* Menu items */,
				CF17155029DC158800D0409E /* All posts */,
				CF17154D29DC153300D0409E /* Questions */,
				CF73310329DAC84C00E0F500 /* Posts frontpage 1 */,
				CF73310229DAC83800E0F500 /* Posts frontpage 2 */,
				CFB4F62829CDC61A006D42AF /* SinglePostViewController.swift */,
				CF17154929DAE1C600D0409E /* AnsoegningViewController.swift */,
				CFF8CCBA29E684F600075989 /* NotificationsViewController.swift */,
			);
			path = ViewControllers;
			sourceTree = "<group>";
		};
		CF73310229DAC83800E0F500 /* Posts frontpage 2 */ = {
			isa = PBXGroup;
			children = (
				CFA3790B29D19FA8005F80C3 /* PostsViewController2.swift */,
				CF73310029DAC2A200E0F500 /* PostsCollectionViewCell1.swift */,
				CFA3790729D19DDB005F80C3 /* PostsCollectionViewCell2.swift */,
			);
			path = "Posts frontpage 2";
			sourceTree = "<group>";
		};
		CF73310329DAC84C00E0F500 /* Posts frontpage 1 */ = {
			isa = PBXGroup;
			children = (
				CFB4F61B29CC55FD006D42AF /* PostsViewController.swift */,
				CFB4F62E29CDDED0006D42AF /* PostsCollectionViewCells1.swift */,
				CF73310429DAC89700E0F500 /* PostsCollectionViewCells2.swift */,
			);
			path = "Posts frontpage 1";
			sourceTree = "<group>";
		};
		CFE60A0C29E52A8A00A572BF /* Menu items */ = {
			isa = PBXGroup;
			children = (
				CFE60A0629DD3A4600A572BF /* SidebarViewController.swift */,
				CFE60A0229DC4C5C00A572BF /* ProfileViewController.swift */,
				CFE60A0D29E52ADE00A572BF /* EducationsViewController.swift */,
				CF0D3CE029E5360700654FD5 /* InternshipViewController.swift */,
				CFE60A0429DC4C7000A572BF /* InspirationViewController.swift */,
				CF0D3CE229E5368A00654FD5 /* EventsViewController.swift */,
				CF0D3CE429E536A200654FD5 /* NewsViewController.swift */,
				CF0D3CE629E536B400654FD5 /* MessagesViewController.swift */,
			);
			path = "Menu items";
			sourceTree = "<group>";
		};
		CFF9CD7C29C451A0002ED77D = {
			isa = PBXGroup;
			children = (
				CFF9CD8729C451A0002ED77D /* App Testing */,
				CFF9CD8629C451A0002ED77D /* Products */,
			);
			sourceTree = "<group>";
		};
		CFF9CD8629C451A0002ED77D /* Products */ = {
			isa = PBXGroup;
			children = (
				CFF9CD8529C451A0002ED77D /* App Testing.app */,
			);
			name = Products;
			sourceTree = "<group>";
		};
		CFF9CD8729C451A0002ED77D /* App Testing */ = {
			isa = PBXGroup;
			children = (
				CF2B5DC929CB325E006478B4 /* Models */,
				CF2B5DBF29CB313F006478B4 /* Network */,
				CF2B5DCA29CB32AB006478B4 /* ViewControllers */,
				CFF9CD8829C451A0002ED77D /* AppDelegate.swift */,
				CFF9CD8A29C451A0002ED77D /* SceneDelegate.swift */,
				CF1B11D029E6CC8900519F95 /* MainTabBarController.swift */,
				2F8C857729C9A4FB0051B396 /* Main.storyboard */,
				CF17155C29DC41E300D0409E /* SWRevealViewController.h */,
				CF17155B29DC41E300D0409E /* SWRevealViewController.m */,
				CFF9CD9329C451A2002ED77D /* LaunchScreen.storyboard */,
				2F8C857529C99B590051B396 /* fonts */,
				CFF9CD9129C451A2002ED77D /* Assets.xcassets */,
				CFF9CD9629C451A2002ED77D /* Info.plist */,
				CF17155A29DC41E200D0409E /* App Testing-Bridging-Header.h */,
			);
			path = "App Testing";
			sourceTree = "<group>";
		};
/* End PBXGroup section */

/* Begin PBXNativeTarget section */
		CFF9CD8429C451A0002ED77D /* App Testing */ = {
			isa = PBXNativeTarget;
			buildConfigurationList = CFF9CD9929C451A2002ED77D /* Build configuration list for PBXNativeTarget "App Testing" */;
			buildPhases = (
				CFF9CD8129C451A0002ED77D /* Sources */,
				CFF9CD8229C451A0002ED77D /* Frameworks */,
				CFF9CD8329C451A0002ED77D /* Resources */,
			);
			buildRules = (
			);
			dependencies = (
			);
			name = "App Testing";
			packageProductDependencies = (
				CFB4F62229CC6AA6006D42AF /* SDWebImage */,
				CFB4F62429CC6AA6006D42AF /* SDWebImageMapKit */,
				CF17155429DC1A2800D0409E /* SideMenu */,
			);
			productName = "App Testing";
			productReference = CFF9CD8529C451A0002ED77D /* App Testing.app */;
			productType = "com.apple.product-type.application";
		};
/* End PBXNativeTarget section */

/* Begin PBXProject section */
		CFF9CD7D29C451A0002ED77D /* Project object */ = {
			isa = PBXProject;
			attributes = {
				BuildIndependentTargetsInParallel = 1;
				LastSwiftUpdateCheck = 1420;
				LastUpgradeCheck = 1420;
				TargetAttributes = {
					CFF9CD8429C451A0002ED77D = {
						CreatedOnToolsVersion = 14.2;
						LastSwiftMigration = 1420;
					};
				};
			};
			buildConfigurationList = CFF9CD8029C451A0002ED77D /* Build configuration list for PBXProject "App Testing" */;
			compatibilityVersion = "Xcode 14.0";
			developmentRegion = en;
			hasScannedForEncodings = 0;
			knownRegions = (
				en,
				Base,
			);
			mainGroup = CFF9CD7C29C451A0002ED77D;
			packageReferences = (
				CFB4F62129CC6AA5006D42AF /* XCRemoteSwiftPackageReference "SDWebImage" */,
				CF17155329DC1A2800D0409E /* XCRemoteSwiftPackageReference "SideMenu" */,
			);
			productRefGroup = CFF9CD8629C451A0002ED77D /* Products */;
			projectDirPath = "";
			projectRoot = "";
			targets = (
				CFF9CD8429C451A0002ED77D /* App Testing */,
			);
		};
/* End PBXProject section */

/* Begin PBXResourcesBuildPhase section */
		CFF9CD8329C451A0002ED77D /* Resources */ = {
			isa = PBXResourcesBuildPhase;
			buildActionMask = 2147483647;
			files = (
				CFF9CD9529C451A2002ED77D /* LaunchScreen.storyboard in Resources */,
				2F8C857829C9A4FB0051B396 /* Main.storyboard in Resources */,
				CFF9CD9229C451A2002ED77D /* Assets.xcassets in Resources */,
				2F8C857629C99B590051B396 /* fonts in Resources */,
			);
			runOnlyForDeploymentPostprocessing = 0;
		};
/* End PBXResourcesBuildPhase section */

/* Begin PBXSourcesBuildPhase section */
		CFF9CD8129C451A0002ED77D /* Sources */ = {
			isa = PBXSourcesBuildPhase;
			buildActionMask = 2147483647;
			files = (
				CF2B5DC329CB31A1006478B4 /* Answers1.swift in Sources */,
				CF17154A29DAE1C600D0409E /* AnsoegningViewController.swift in Sources */,
				CF1B11D129E6CC8900519F95 /* MainTabBarController.swift in Sources */,
				2FAD5A1129D1B7B000C12AEC /* SubmitAnswer.swift in Sources */,
				CF17154629DAE0A600D0409E /* SendAnsoegning.swift in Sources */,
				CFF9CDAD29CAF337002ED77D /* SvarModel.swift in Sources */,
				CFB4F62929CDC61A006D42AF /* SinglePostViewController.swift in Sources */,
				CFAFF3AA29D43C4A00733F3A /* AllEducationsTableViewCell.swift in Sources */,
				CF17155D29DC41E300D0409E /* SWRevealViewController.m in Sources */,
				CFF9CD8929C451A0002ED77D /* AppDelegate.swift in Sources */,
				CF0D3CE329E5368A00654FD5 /* EventsViewController.swift in Sources */,
				CFB4F61C29CC55FD006D42AF /* PostsViewController.swift in Sources */,
				CF73310529DAC89700E0F500 /* PostsCollectionViewCells2.swift in Sources */,
				CFA3790829D19DDB005F80C3 /* PostsCollectionViewCell2.swift in Sources */,
				CFE60A0E29E52ADE00A572BF /* EducationsViewController.swift in Sources */,
				CFF9CDAF29CB0523002ED77D /* Spoergsmaal2ViewController.swift in Sources */,
				CFB4F61829CC5422006D42AF /* OpslagModel.swift in Sources */,
				CFA3791029D2C7EB005F80C3 /* AllInternshipsTableViewCell.swift in Sources */,
				CF0D3CE729E536B400654FD5 /* MessagesViewController.swift in Sources */,
				CFF9CD9F29C45216002ED77D /* TestModel.swift in Sources */,
				CFF8CCBB29E684F600075989 /* NotificationsViewController.swift in Sources */,
				2F27D69729C9A69F0091325A /* NewSpoergsmaalViewController.swift in Sources */,
				2FAA43FD29C83A0C00C2C0F7 /* SpoergsmaalModel.swift in Sources */,
				CF2B5DD029CB387B006478B4 /* Spoergsmaal4ViewController.swift in Sources */,
				2F27D69D29CC34360091325A /* CollectionViewController.swift in Sources */,
				CF2B5DC129CB316C006478B4 /* Questions.swift in Sources */,
				CFB4F61A29CC5542006D42AF /* Posts.swift in Sources */,
				CF2B5DCC29CB354C006478B4 /* Spoergsmaal3ViewController.swift in Sources */,
				CFE60A0529DC4C7000A572BF /* InspirationViewController.swift in Sources */,
				CFE60A0B29DD4C0F00A572BF /* Users.swift in Sources */,
				CFE60A0729DD3A4600A572BF /* SidebarViewController.swift in Sources */,
				CF73310129DAC2A200E0F500 /* PostsCollectionViewCell1.swift in Sources */,
				CF2B5DC529CB31AA006478B4 /* Answers2.swift in Sources */,
				CFAFF3A829D43C2700733F3A /* AllEducationsViewController.swift in Sources */,
				CF2B5DC729CB31B6006478B4 /* Answers3.swift in Sources */,
				CF2B5DCE29CB3852006478B4 /* Answers4.swift in Sources */,
				CFA3790E29D2C61C005F80C3 /* AllInternshipsViewController.swift in Sources */,
				CFB4F62F29CDDED0006D42AF /* PostsCollectionViewCells1.swift in Sources */,
				CFF9CD8B29C451A0002ED77D /* SceneDelegate.swift in Sources */,
				CFE60A0929DD4B4100A572BF /* BrugerModel.swift in Sources */,
				CF0D3CE129E5360700654FD5 /* InternshipViewController.swift in Sources */,
				CFE60A0329DC4C5C00A572BF /* ProfileViewController.swift in Sources */,
				CF0D3CE529E536A200654FD5 /* NewsViewController.swift in Sources */,
				CFA3790C29D19FA8005F80C3 /* PostsViewController2.swift in Sources */,
				CF17154F29DC157E00D0409E /* DisplayAnswersViewController.swift in Sources */,
			);
			runOnlyForDeploymentPostprocessing = 0;
		};
/* End PBXSourcesBuildPhase section */

/* Begin PBXVariantGroup section */
		CFF9CD9329C451A2002ED77D /* LaunchScreen.storyboard */ = {
			isa = PBXVariantGroup;
			children = (
				CFF9CD9429C451A2002ED77D /* Base */,
			);
			name = LaunchScreen.storyboard;
			sourceTree = "<group>";
		};
/* End PBXVariantGroup section */

/* Begin XCBuildConfiguration section */
		CFF9CD9729C451A2002ED77D /* Debug */ = {
			isa = XCBuildConfiguration;
			buildSettings = {
				ALWAYS_SEARCH_USER_PATHS = NO;
				CLANG_ANALYZER_NONNULL = YES;
				CLANG_ANALYZER_NUMBER_OBJECT_CONVERSION = YES_AGGRESSIVE;
				CLANG_CXX_LANGUAGE_STANDARD = "gnu++20";
				CLANG_ENABLE_MODULES = YES;
				CLANG_ENABLE_OBJC_ARC = YES;
				CLANG_ENABLE_OBJC_WEAK = YES;
				CLANG_WARN_BLOCK_CAPTURE_AUTORELEASING = YES;
				CLANG_WARN_BOOL_CONVERSION = YES;
				CLANG_WARN_COMMA = YES;
				CLANG_WARN_CONSTANT_CONVERSION = YES;
				CLANG_WARN_DEPRECATED_OBJC_IMPLEMENTATIONS = YES;
				CLANG_WARN_DIRECT_OBJC_ISA_USAGE = YES_ERROR;
				CLANG_WARN_DOCUMENTATION_COMMENTS = YES;
				CLANG_WARN_EMPTY_BODY = YES;
				CLANG_WARN_ENUM_CONVERSION = YES;
				CLANG_WARN_INFINITE_RECURSION = YES;
				CLANG_WARN_INT_CONVERSION = YES;
				CLANG_WARN_NON_LITERAL_NULL_CONVERSION = YES;
				CLANG_WARN_OBJC_IMPLICIT_RETAIN_SELF = YES;
				CLANG_WARN_OBJC_LITERAL_CONVERSION = YES;
				CLANG_WARN_OBJC_ROOT_CLASS = YES_ERROR;
				CLANG_WARN_QUOTED_INCLUDE_IN_FRAMEWORK_HEADER = YES;
				CLANG_WARN_RANGE_LOOP_ANALYSIS = YES;
				CLANG_WARN_STRICT_PROTOTYPES = YES;
				CLANG_WARN_SUSPICIOUS_MOVE = YES;
				CLANG_WARN_UNGUARDED_AVAILABILITY = YES_AGGRESSIVE;
				CLANG_WARN_UNREACHABLE_CODE = YES;
				CLANG_WARN__DUPLICATE_METHOD_MATCH = YES;
				COPY_PHASE_STRIP = NO;
				DEBUG_INFORMATION_FORMAT = dwarf;
				ENABLE_STRICT_OBJC_MSGSEND = YES;
				ENABLE_TESTABILITY = YES;
				GCC_C_LANGUAGE_STANDARD = gnu11;
				GCC_DYNAMIC_NO_PIC = NO;
				GCC_NO_COMMON_BLOCKS = YES;
				GCC_OPTIMIZATION_LEVEL = 0;
				GCC_PREPROCESSOR_DEFINITIONS = (
					"DEBUG=1",
					"$(inherited)",
				);
				GCC_WARN_64_TO_32_BIT_CONVERSION = YES;
				GCC_WARN_ABOUT_RETURN_TYPE = YES_ERROR;
				GCC_WARN_UNDECLARED_SELECTOR = YES;
				GCC_WARN_UNINITIALIZED_AUTOS = YES_AGGRESSIVE;
				GCC_WARN_UNUSED_FUNCTION = YES;
				GCC_WARN_UNUSED_VARIABLE = YES;
				IPHONEOS_DEPLOYMENT_TARGET = 16.2;
				MTL_ENABLE_DEBUG_INFO = INCLUDE_SOURCE;
				MTL_FAST_MATH = YES;
				ONLY_ACTIVE_ARCH = YES;
				SDKROOT = iphoneos;
				SWIFT_ACTIVE_COMPILATION_CONDITIONS = DEBUG;
				SWIFT_OPTIMIZATION_LEVEL = "-Onone";
			};
			name = Debug;
		};
		CFF9CD9829C451A2002ED77D /* Release */ = {
			isa = XCBuildConfiguration;
			buildSettings = {
				ALWAYS_SEARCH_USER_PATHS = NO;
				CLANG_ANALYZER_NONNULL = YES;
				CLANG_ANALYZER_NUMBER_OBJECT_CONVERSION = YES_AGGRESSIVE;
				CLANG_CXX_LANGUAGE_STANDARD = "gnu++20";
				CLANG_ENABLE_MODULES = YES;
				CLANG_ENABLE_OBJC_ARC = YES;
				CLANG_ENABLE_OBJC_WEAK = YES;
				CLANG_WARN_BLOCK_CAPTURE_AUTORELEASING = YES;
				CLANG_WARN_BOOL_CONVERSION = YES;
				CLANG_WARN_COMMA = YES;
				CLANG_WARN_CONSTANT_CONVERSION = YES;
				CLANG_WARN_DEPRECATED_OBJC_IMPLEMENTATIONS = YES;
				CLANG_WARN_DIRECT_OBJC_ISA_USAGE = YES_ERROR;
				CLANG_WARN_DOCUMENTATION_COMMENTS = YES;
				CLANG_WARN_EMPTY_BODY = YES;
				CLANG_WARN_ENUM_CONVERSION = YES;
				CLANG_WARN_INFINITE_RECURSION = YES;
				CLANG_WARN_INT_CONVERSION = YES;
				CLANG_WARN_NON_LITERAL_NULL_CONVERSION = YES;
				CLANG_WARN_OBJC_IMPLICIT_RETAIN_SELF = YES;
				CLANG_WARN_OBJC_LITERAL_CONVERSION = YES;
				CLANG_WARN_OBJC_ROOT_CLASS = YES_ERROR;
				CLANG_WARN_QUOTED_INCLUDE_IN_FRAMEWORK_HEADER = YES;
				CLANG_WARN_RANGE_LOOP_ANALYSIS = YES;
				CLANG_WARN_STRICT_PROTOTYPES = YES;
				CLANG_WARN_SUSPICIOUS_MOVE = YES;
				CLANG_WARN_UNGUARDED_AVAILABILITY = YES_AGGRESSIVE;
				CLANG_WARN_UNREACHABLE_CODE = YES;
				CLANG_WARN__DUPLICATE_METHOD_MATCH = YES;
				COPY_PHASE_STRIP = NO;
				DEBUG_INFORMATION_FORMAT = "dwarf-with-dsym";
				ENABLE_NS_ASSERTIONS = NO;
				ENABLE_STRICT_OBJC_MSGSEND = YES;
				GCC_C_LANGUAGE_STANDARD = gnu11;
				GCC_NO_COMMON_BLOCKS = YES;
				GCC_WARN_64_TO_32_BIT_CONVERSION = YES;
				GCC_WARN_ABOUT_RETURN_TYPE = YES_ERROR;
				GCC_WARN_UNDECLARED_SELECTOR = YES;
				GCC_WARN_UNINITIALIZED_AUTOS = YES_AGGRESSIVE;
				GCC_WARN_UNUSED_FUNCTION = YES;
				GCC_WARN_UNUSED_VARIABLE = YES;
				IPHONEOS_DEPLOYMENT_TARGET = 16.2;
				MTL_ENABLE_DEBUG_INFO = NO;
				MTL_FAST_MATH = YES;
				SDKROOT = iphoneos;
				SWIFT_COMPILATION_MODE = wholemodule;
				SWIFT_OPTIMIZATION_LEVEL = "-O";
				VALIDATE_PRODUCT = YES;
			};
			name = Release;
		};
		CFF9CD9A29C451A2002ED77D /* Debug */ = {
			isa = XCBuildConfiguration;
			buildSettings = {
				ASSETCATALOG_COMPILER_APPICON_NAME = AppIcon;
				ASSETCATALOG_COMPILER_GLOBAL_ACCENT_COLOR_NAME = AccentColor;
				CLANG_ENABLE_MODULES = YES;
				CODE_SIGN_STYLE = Automatic;
				CURRENT_PROJECT_VERSION = 1;
				DEVELOPMENT_TEAM = 4CP5LZRSA3;
				GENERATE_INFOPLIST_FILE = YES;
				INFOPLIST_FILE = "App Testing/Info.plist";
				INFOPLIST_KEY_UIApplicationSupportsIndirectInputEvents = YES;
				INFOPLIST_KEY_UILaunchStoryboardName = LaunchScreen;
				INFOPLIST_KEY_UIMainStoryboardFile = Main;
				INFOPLIST_KEY_UISupportedInterfaceOrientations_iPad = "UIInterfaceOrientationPortrait UIInterfaceOrientationPortraitUpsideDown UIInterfaceOrientationLandscapeLeft UIInterfaceOrientationLandscapeRight";
				INFOPLIST_KEY_UISupportedInterfaceOrientations_iPhone = "UIInterfaceOrientationPortrait UIInterfaceOrientationLandscapeLeft UIInterfaceOrientationLandscapeRight";
				LD_RUNPATH_SEARCH_PATHS = (
					"$(inherited)",
					"@executable_path/Frameworks",
				);
				MARKETING_VERSION = 1.0;
				PRODUCT_BUNDLE_IDENTIFIER = "com.BetinaSvendsen.App-Testing";
				PRODUCT_NAME = "$(TARGET_NAME)";
				SWIFT_EMIT_LOC_STRINGS = YES;
				SWIFT_OBJC_BRIDGING_HEADER = "App Testing/App Testing-Bridging-Header.h";
				SWIFT_OPTIMIZATION_LEVEL = "-Onone";
				SWIFT_VERSION = 5.0;
				TARGETED_DEVICE_FAMILY = "1,2";
			};
			name = Debug;
		};
		CFF9CD9B29C451A2002ED77D /* Release */ = {
			isa = XCBuildConfiguration;
			buildSettings = {
				ASSETCATALOG_COMPILER_APPICON_NAME = AppIcon;
				ASSETCATALOG_COMPILER_GLOBAL_ACCENT_COLOR_NAME = AccentColor;
				CLANG_ENABLE_MODULES = YES;
				CODE_SIGN_STYLE = Automatic;
				CURRENT_PROJECT_VERSION = 1;
				DEVELOPMENT_TEAM = 4CP5LZRSA3;
				GENERATE_INFOPLIST_FILE = YES;
				INFOPLIST_FILE = "App Testing/Info.plist";
				INFOPLIST_KEY_UIApplicationSupportsIndirectInputEvents = YES;
				INFOPLIST_KEY_UILaunchStoryboardName = LaunchScreen;
				INFOPLIST_KEY_UIMainStoryboardFile = Main;
				INFOPLIST_KEY_UISupportedInterfaceOrientations_iPad = "UIInterfaceOrientationPortrait UIInterfaceOrientationPortraitUpsideDown UIInterfaceOrientationLandscapeLeft UIInterfaceOrientationLandscapeRight";
				INFOPLIST_KEY_UISupportedInterfaceOrientations_iPhone = "UIInterfaceOrientationPortrait UIInterfaceOrientationLandscapeLeft UIInterfaceOrientationLandscapeRight";
				LD_RUNPATH_SEARCH_PATHS = (
					"$(inherited)",
					"@executable_path/Frameworks",
				);
				MARKETING_VERSION = 1.0;
				PRODUCT_BUNDLE_IDENTIFIER = "com.BetinaSvendsen.App-Testing";
				PRODUCT_NAME = "$(TARGET_NAME)";
				SWIFT_EMIT_LOC_STRINGS = YES;
				SWIFT_OBJC_BRIDGING_HEADER = "App Testing/App Testing-Bridging-Header.h";
				SWIFT_VERSION = 5.0;
				TARGETED_DEVICE_FAMILY = "1,2";
			};
			name = Release;
		};
/* End XCBuildConfiguration section */

/* Begin XCConfigurationList section */
		CFF9CD8029C451A0002ED77D /* Build configuration list for PBXProject "App Testing" */ = {
			isa = XCConfigurationList;
			buildConfigurations = (
				CFF9CD9729C451A2002ED77D /* Debug */,
				CFF9CD9829C451A2002ED77D /* Release */,
			);
			defaultConfigurationIsVisible = 0;
			defaultConfigurationName = Release;
		};
		CFF9CD9929C451A2002ED77D /* Build configuration list for PBXNativeTarget "App Testing" */ = {
			isa = XCConfigurationList;
			buildConfigurations = (
				CFF9CD9A29C451A2002ED77D /* Debug */,
				CFF9CD9B29C451A2002ED77D /* Release */,
			);
			defaultConfigurationIsVisible = 0;
			defaultConfigurationName = Release;
		};
/* End XCConfigurationList section */

/* Begin XCRemoteSwiftPackageReference section */
		CF17155329DC1A2800D0409E /* XCRemoteSwiftPackageReference "SideMenu" */ = {
			isa = XCRemoteSwiftPackageReference;
			repositoryURL = "https://github.com/jonkykong/SideMenu.git";
			requirement = {
				kind = upToNextMajorVersion;
				minimumVersion = 6.0.0;
			};
		};
		CFB4F62129CC6AA5006D42AF /* XCRemoteSwiftPackageReference "SDWebImage" */ = {
			isa = XCRemoteSwiftPackageReference;
			repositoryURL = "https://github.com/SDWebImage/SDWebImage.git";
			requirement = {
				branch = master;
				kind = branch;
			};
		};
/* End XCRemoteSwiftPackageReference section */

/* Begin XCSwiftPackageProductDependency section */
		CF17155429DC1A2800D0409E /* SideMenu */ = {
			isa = XCSwiftPackageProductDependency;
			package = CF17155329DC1A2800D0409E /* XCRemoteSwiftPackageReference "SideMenu" */;
			productName = SideMenu;
		};
		CFB4F62229CC6AA6006D42AF /* SDWebImage */ = {
			isa = XCSwiftPackageProductDependency;
			package = CFB4F62129CC6AA5006D42AF /* XCRemoteSwiftPackageReference "SDWebImage" */;
			productName = SDWebImage;
		};
		CFB4F62429CC6AA6006D42AF /* SDWebImageMapKit */ = {
			isa = XCSwiftPackageProductDependency;
			package = CFB4F62129CC6AA5006D42AF /* XCRemoteSwiftPackageReference "SDWebImage" */;
			productName = SDWebImageMapKit;
		};
/* End XCSwiftPackageProductDependency section */
	};
	rootObject = CFF9CD7D29C451A0002ED77D /* Project object */;
}
